
Microsoft Visual Studio Solution File, Format Version 12.00
# Visual Studio Version 17
VisualStudioVersion = 17.8.34309.116
MinimumVisualStudioVersion = 10.0.40219.1
Project("{FAE04EC0-301F-11D3-BF4B-00C04F79EFBC}") = "crud-dotnet-api", "crud-dotnet-api\crud-dotnet-api.csproj", "{536A1994-2269-4AAF-AED6-2993B0C4E29B}"
EndProject
Global
	GlobalSection(SolutionConfigurationPlatforms) = preSolution
		Debug|Any CPU = Debug|Any CPU
		Release|Any CPU = Release|Any CPU
	EndGlobalSection
	GlobalSection(ProjectConfigurationPlatforms) = postSolution
		{536A1994-2269-4AAF-AED6-2993B0C4E29B}.Debug|Any CPU.ActiveCfg = Debug|Any CPU
		{536A1994-2269-4AAF-AED6-2993B0C4E29B}.Debug|Any CPU.Build.0 = Debug|Any CPU
		{536A1994-2269-4AAF-AED6-2993B0C4E29B}.Release|Any CPU.ActiveCfg = Release|Any CPU
		{536A1994-2269-4AAF-AED6-2993B0C4E29B}.Release|Any CPU.Build.0 = Release|Any CPU
	EndGlobalSection
	GlobalSection(SolutionProperties) = preSolution
		HideSolutionNode = FALSE
	EndGlobalSection
	GlobalSection(ExtensibilityGlobals) = postSolution
		SolutionGuid = {6A931D82-1146-4A82-AC23-06457CEF4347}
	EndGlobalSection
EndGlobal
